
Microsoft Visual Studio Solution File, Format Version 12.00
# Visual Studio Version 16
VisualStudioVersion = 16.0.31129.286
MinimumVisualStudioVersion = 10.0.40219.1
Project("{FAE04EC0-301F-11D3-BF4B-00C04F79EFBC}") = "WebAdvert.Web", "WebAdvert.Web.csproj", "{8DC48083-FC6C-4407-8418-E3BA16F4128D}"
EndProject
Global
	GlobalSection(SolutionConfigurationPlatforms) = preSolution
		Debug|Any CPU = Debug|Any CPU
		Release|Any CPU = Release|Any CPU
	EndGlobalSection
	GlobalSection(ProjectConfigurationPlatforms) = postSolution
		{8DC48083-FC6C-4407-8418-E3BA16F4128D}.Debug|Any CPU.ActiveCfg = Debug|Any CPU
		{8DC48083-FC6C-4407-8418-E3BA16F4128D}.Debug|Any CPU.Build.0 = Debug|Any CPU
		{8DC48083-FC6C-4407-8418-E3BA16F4128D}.Release|Any CPU.ActiveCfg = Release|Any CPU
		{8DC48083-FC6C-4407-8418-E3BA16F4128D}.Release|Any CPU.Build.0 = Release|Any CPU
	EndGlobalSection
	GlobalSection(SolutionProperties) = preSolution
		HideSolutionNode = FALSE
	EndGlobalSection
	GlobalSection(ExtensibilityGlobals) = postSolution
		SolutionGuid = {348A3395-D6B9-405E-AC92-92406399D74A}
	EndGlobalSection
EndGlobal
